
Microsoft Visual Studio Solution File, Format Version 12.00
# Visual Studio 15
VisualStudioVersion = 15.0.28307.438
MinimumVisualStudioVersion = 10.0.40219.1
Project("{FAE04EC0-301F-11D3-BF4B-00C04F79EFBC}") = "Ecobit.WPF", "EcobitStage\Ecobit.WPF.csproj", "{059E257E-1FD2-4014-9BAB-939DB22895E1}"
EndProject
Project("{FAE04EC0-301F-11D3-BF4B-00C04F79EFBC}") = "Ecobit.Domain", "Ecobit.Domain\Ecobit.Domain.csproj", "{FD47D5EA-C415-4F23-9BBC-8B6883E66B75}"
EndProject
Project("{00D1A9C2-B5F0-4AF3-8072-F6C62B433612}") = "Ecobit.Database", "Ecobit.Database\Ecobit.Database.sqlproj", "{8F3C7538-03BB-4AE7-849A-78B1FFE9F69F}"
EndProject
Project("{2150E333-8FDC-42A3-9474-1A3956D46DE8}") = "Resources", "Resources", "{3214CFB9-11CD-42D6-A76B-6976744C9BBF}"
EndProject
Global
	GlobalSection(SolutionConfigurationPlatforms) = preSolution
		Debug|Any CPU = Debug|Any CPU
		Release|Any CPU = Release|Any CPU
	EndGlobalSection
	GlobalSection(ProjectConfigurationPlatforms) = postSolution
		{059E257E-1FD2-4014-9BAB-939DB22895E1}.Debug|Any CPU.ActiveCfg = Debug|Any CPU
		{059E257E-1FD2-4014-9BAB-939DB22895E1}.Debug|Any CPU.Build.0 = Debug|Any CPU
		{059E257E-1FD2-4014-9BAB-939DB22895E1}.Release|Any CPU.ActiveCfg = Release|Any CPU
		{059E257E-1FD2-4014-9BAB-939DB22895E1}.Release|Any CPU.Build.0 = Release|Any CPU
		{FD47D5EA-C415-4F23-9BBC-8B6883E66B75}.Debug|Any CPU.ActiveCfg = Debug|Any CPU
		{FD47D5EA-C415-4F23-9BBC-8B6883E66B75}.Debug|Any CPU.Build.0 = Debug|Any CPU
		{FD47D5EA-C415-4F23-9BBC-8B6883E66B75}.Release|Any CPU.ActiveCfg = Release|Any CPU
		{FD47D5EA-C415-4F23-9BBC-8B6883E66B75}.Release|Any CPU.Build.0 = Release|Any CPU
		{8F3C7538-03BB-4AE7-849A-78B1FFE9F69F}.Debug|Any CPU.ActiveCfg = Debug|Any CPU
		{8F3C7538-03BB-4AE7-849A-78B1FFE9F69F}.Debug|Any CPU.Build.0 = Debug|Any CPU
		{8F3C7538-03BB-4AE7-849A-78B1FFE9F69F}.Debug|Any CPU.Deploy.0 = Debug|Any CPU
		{8F3C7538-03BB-4AE7-849A-78B1FFE9F69F}.Release|Any CPU.ActiveCfg = Release|Any CPU
		{8F3C7538-03BB-4AE7-849A-78B1FFE9F69F}.Release|Any CPU.Build.0 = Release|Any CPU
		{8F3C7538-03BB-4AE7-849A-78B1FFE9F69F}.Release|Any CPU.Deploy.0 = Release|Any CPU
	EndGlobalSection
	GlobalSection(SolutionProperties) = preSolution
		HideSolutionNode = FALSE
	EndGlobalSection
	GlobalSection(ExtensibilityGlobals) = postSolution
		SolutionGuid = {81B537D8-3AB1-4E3C-A3FC-3D131AC5188C}
	EndGlobalSection
EndGlobal
